schema: '2.0'
stages:
  preprocess:
    cmd: python preprocess.py
    deps:
    - path: preprocess.py
      hash: md5
      md5: ac89291d74ffb2a26900ded8158b7f3d
      size: 452
    - path: raw_data.csv
      hash: md5
      md5: 3bc2106e1d67e839728eeadca6e25e37
      size: 339478
    outs:
    - path: cleaned_file.csv
      hash: md5
      md5: 7e801b2c2848d29ed02637c625b30368
      size: 436605
  train:
    cmd: python train_model.py
    deps:
    - path: cleaned_file.csv
      hash: md5
      md5: 7e801b2c2848d29ed02637c625b30368
      size: 436605
    - path: train_model.py
      hash: md5
      md5: b771f2c7590c1b6e544ce47087487183
      size: 470
    outs:
    - path: model.pkl
      hash: md5
      md5: 75cbe9f1d6c722acb213b00f093b35f9
      size: 36088
  evaluate:
    cmd: python evaluate.py
    deps:
    - path: cleaned_file.csv
      hash: md5
      md5: 7e801b2c2848d29ed02637c625b30368
      size: 436605
    - path: evaluate.py
      hash: md5
      md5: 572a95d40af8dcab81a90552e02ed9c3
      size: 510
    - path: model.pkl
      hash: md5
      md5: 75cbe9f1d6c722acb213b00f093b35f9
      size: 36088
